
Microsoft Visual Studio Solution File, Format Version 12.00
# Visual Studio 15
Project("{FAE04EC0-301F-11D3-BF4B-00C04F79EFBC}") = "Assembly-CSharp-Editor", "Assembly-CSharp-Editor.csproj", "{B4F02818-E770-7EA2-F2B0-123B29FBA562}"
EndProject
Project("{FAE04EC0-301F-11D3-BF4B-00C04F79EFBC}") = "Assembly-CSharp", "Assembly-CSharp.csproj", "{6EB2EFDB-BE92-5F35-B8EC-C4CC27D834FC}"
EndProject
Global
	GlobalSection(SolutionConfigurationPlatforms) = preSolution
		Debug|Any CPU = Debug|Any CPU
		Release|Any CPU = Release|Any CPU
	EndGlobalSection
	GlobalSection(ProjectConfigurationPlatforms) = postSolution
		{B4F02818-E770-7EA2-F2B0-123B29FBA562}.Debug|Any CPU.ActiveCfg = Debug|Any CPU
		{B4F02818-E770-7EA2-F2B0-123B29FBA562}.Debug|Any CPU.Build.0 = Debug|Any CPU
		{B4F02818-E770-7EA2-F2B0-123B29FBA562}.Release|Any CPU.ActiveCfg = Release|Any CPU
		{B4F02818-E770-7EA2-F2B0-123B29FBA562}.Release|Any CPU.Build.0 = Release|Any CPU
		{6EB2EFDB-BE92-5F35-B8EC-C4CC27D834FC}.Debug|Any CPU.ActiveCfg = Debug|Any CPU
		{6EB2EFDB-BE92-5F35-B8EC-C4CC27D834FC}.Debug|Any CPU.Build.0 = Debug|Any CPU
		{6EB2EFDB-BE92-5F35-B8EC-C4CC27D834FC}.Release|Any CPU.ActiveCfg = Release|Any CPU
		{6EB2EFDB-BE92-5F35-B8EC-C4CC27D834FC}.Release|Any CPU.Build.0 = Release|Any CPU
	EndGlobalSection
	GlobalSection(SolutionProperties) = preSolution
		HideSolutionNode = FALSE
	EndGlobalSection
EndGlobal
